
Microsoft Visual Studio Solution File, Format Version 12.00
# Visual Studio Version 16
VisualStudioVersion = 16.0.32126.315
MinimumVisualStudioVersion = 10.0.40219.1
Project("{FAE04EC0-301F-11D3-BF4B-00C04F79EFBC}") = "CICD.UI", "CICD.UI\CICD.UI.csproj", "{53164FE2-4B5A-4657-ACAA-0CD07018BBE6}"
EndProject
Global
	GlobalSection(SolutionConfigurationPlatforms) = preSolution
		Debug|Any CPU = Debug|Any CPU
		Release|Any CPU = Release|Any CPU
	EndGlobalSection
	GlobalSection(ProjectConfigurationPlatforms) = postSolution
		{53164FE2-4B5A-4657-ACAA-0CD07018BBE6}.Debug|Any CPU.ActiveCfg = Debug|Any CPU
		{53164FE2-4B5A-4657-ACAA-0CD07018BBE6}.Debug|Any CPU.Build.0 = Debug|Any CPU
		{53164FE2-4B5A-4657-ACAA-0CD07018BBE6}.Release|Any CPU.ActiveCfg = Release|Any CPU
		{53164FE2-4B5A-4657-ACAA-0CD07018BBE6}.Release|Any CPU.Build.0 = Release|Any CPU
	EndGlobalSection
	GlobalSection(SolutionProperties) = preSolution
		HideSolutionNode = FALSE
	EndGlobalSection
	GlobalSection(ExtensibilityGlobals) = postSolution
		SolutionGuid = {9CC6010A-B84C-4F64-950D-7F948D183A9F}
	EndGlobalSection
EndGlobal
